<?xml version="1.0" encoding="utf-8"?>
<Project ToolsVersion="4.0" xmlns="http://schemas.microsoft.com/developer/msbuild/2003">
  <ItemGroup>
    <Filter Include="Source Files">
      <UniqueIdentifier>{4FC737F1-C7A5-4376-A066-2A32D752A2FF}</UniqueIdentifier>
      <Extensions>cpp;c;cc;cxx;c++;cppm;ixx;def;odl;idl;hpj;bat;asm;asmx</Extensions>
    </Filter>
  </ItemGroup>
  <ItemGroup>
    <ClCompile Include="main.cpp">
      <Filter>Source Files</Filter>
    </ClCompile>
    <ClCompile Include="glad.c">
      <Filter>Source Files</Filter>
    </ClCompile>
  </ItemGroup>
  <ItemGroup>
    <None Include="res\drone.blend" />
    <None Include="res\drone.blend1" />
    <None Include="res\drone.mtl" />
    <None Include="res\GOOGLE_SAT_WM.wld" />
    <None Include="res\majevica.blend" />
    <None Include="res\majevica.mtl" />
    <None Include="res\majevica.blend1" />
    <None Include="res\majevicahighres.blend" />
    <None Include="res\majevicahighres.blend1" />
    <None Include="res\majevicahighres.mtl" />
    <None Include="res\majevicamapa.mtl" />
    <None Include="packages.config" />
    <None Include="basic.frag" />
    <None Include="basic.vert" />
  </ItemGroup>
  <ItemGroup>
    <Image Include="res\GOOGLE_SAT_WM.tif" />
    <Image Include="res\srtm.tif" />
  </ItemGroup>
  <ItemGroup>
    <ClInclude Include="stb_image.h" />
    <ClInclude Include="model.h" />
    <ClInclude Include="mesh.h" />
    <ClInclude Include="shader.h" />
    <ClInclude Include="glad.h" />
    <ClInclude Include="khrplatform.h" />
  </ItemGroup>
</Project>